
Microsoft Visual Studio Solution File, Format Version 12.00
# Visual Studio 15
VisualStudioVersion = 15.0.26730.8
MinimumVisualStudioVersion = 10.0.40219.1
Project("{FAE04EC0-301F-11D3-BF4B-00C04F79EFBC}") = "verticalFarmConsole", "verticalFarmConsole\verticalFarmConsole.csproj", "{951EB24C-81D3-4C21-B4F4-F03F0B280E1A}"
EndProject
Global
	GlobalSection(SolutionConfigurationPlatforms) = preSolution
		Debug|Any CPU = Debug|Any CPU
		Release|Any CPU = Release|Any CPU
	EndGlobalSection
	GlobalSection(ProjectConfigurationPlatforms) = postSolution
		{951EB24C-81D3-4C21-B4F4-F03F0B280E1A}.Debug|Any CPU.ActiveCfg = Debug|Any CPU
		{951EB24C-81D3-4C21-B4F4-F03F0B280E1A}.Debug|Any CPU.Build.0 = Debug|Any CPU
		{951EB24C-81D3-4C21-B4F4-F03F0B280E1A}.Release|Any CPU.ActiveCfg = Release|Any CPU
		{951EB24C-81D3-4C21-B4F4-F03F0B280E1A}.Release|Any CPU.Build.0 = Release|Any CPU
	EndGlobalSection
	GlobalSection(SolutionProperties) = preSolution
		HideSolutionNode = FALSE
	EndGlobalSection
	GlobalSection(ExtensibilityGlobals) = postSolution
		SolutionGuid = {6E996D52-0D08-48F9-9A89-AD6352758BC3}
	EndGlobalSection
EndGlobal
